
Microsoft Visual Studio Solution File, Format Version 12.00
# Visual Studio Version 17
VisualStudioVersion = 17.8.34511.84
MinimumVisualStudioVersion = 10.0.40219.1
Project("{FAE04EC0-301F-11D3-BF4B-00C04F79EFBC}") = "TestTask", "TestTask\TestTask.csproj", "{CA762EEF-6ED6-40B9-8012-932ACD9CBD51}"
EndProject
Project("{FAE04EC0-301F-11D3-BF4B-00C04F79EFBC}") = "TestProject1", "TestProject1\TestProject1.csproj", "{CACE9ADD-F2C3-4907-A159-8F5A71B553EB}"
EndProject
Global
	GlobalSection(SolutionConfigurationPlatforms) = preSolution
		Debug|Any CPU = Debug|Any CPU
		Release|Any CPU = Release|Any CPU
	EndGlobalSection
	GlobalSection(ProjectConfigurationPlatforms) = postSolution
		{CA762EEF-6ED6-40B9-8012-932ACD9CBD51}.Debug|Any CPU.ActiveCfg = Debug|Any CPU
		{CA762EEF-6ED6-40B9-8012-932ACD9CBD51}.Debug|Any CPU.Build.0 = Debug|Any CPU
		{CA762EEF-6ED6-40B9-8012-932ACD9CBD51}.Release|Any CPU.ActiveCfg = Release|Any CPU
		{CA762EEF-6ED6-40B9-8012-932ACD9CBD51}.Release|Any CPU.Build.0 = Release|Any CPU
		{CACE9ADD-F2C3-4907-A159-8F5A71B553EB}.Debug|Any CPU.ActiveCfg = Debug|Any CPU
		{CACE9ADD-F2C3-4907-A159-8F5A71B553EB}.Debug|Any CPU.Build.0 = Debug|Any CPU
		{CACE9ADD-F2C3-4907-A159-8F5A71B553EB}.Release|Any CPU.ActiveCfg = Release|Any CPU
		{CACE9ADD-F2C3-4907-A159-8F5A71B553EB}.Release|Any CPU.Build.0 = Release|Any CPU
	EndGlobalSection
	GlobalSection(SolutionProperties) = preSolution
		HideSolutionNode = FALSE
	EndGlobalSection
	GlobalSection(ExtensibilityGlobals) = postSolution
		SolutionGuid = {87E42949-1A3A-40B9-97CA-47C23A15F3F1}
	EndGlobalSection
EndGlobal
